
Microsoft Visual Studio Solution File, Format Version 12.00
# Visual Studio Version 17
VisualStudioVersion = 17.0.31903.59
MinimumVisualStudioVersion = 10.0.40219.1
Project("{FAE04EC0-301F-11D3-BF4B-00C04F79EFBC}") = "Principio Sustitución de Liskov", "Principio Sustitución de Liskov.csproj", "{70666A24-9641-4F6A-93E3-A811F4C6C89D}"
EndProject
Global
	GlobalSection(SolutionConfigurationPlatforms) = preSolution
		Debug|Any CPU = Debug|Any CPU
		Release|Any CPU = Release|Any CPU
	EndGlobalSection
	GlobalSection(ProjectConfigurationPlatforms) = postSolution
		{70666A24-9641-4F6A-93E3-A811F4C6C89D}.Debug|Any CPU.ActiveCfg = Debug|Any CPU
		{70666A24-9641-4F6A-93E3-A811F4C6C89D}.Debug|Any CPU.Build.0 = Debug|Any CPU
		{70666A24-9641-4F6A-93E3-A811F4C6C89D}.Release|Any CPU.ActiveCfg = Release|Any CPU
		{70666A24-9641-4F6A-93E3-A811F4C6C89D}.Release|Any CPU.Build.0 = Release|Any CPU
	EndGlobalSection
	GlobalSection(SolutionProperties) = preSolution
		HideSolutionNode = FALSE
	EndGlobalSection
	GlobalSection(ExtensibilityGlobals) = postSolution
		SolutionGuid = {3046AE44-0AB8-486B-B3B7-B22445C52B96}
	EndGlobalSection
EndGlobal
