
Microsoft Visual Studio Solution File, Format Version 12.00
# Visual Studio Version 17
VisualStudioVersion = 17.0.31903.59
MinimumVisualStudioVersion = 10.0.40219.1
Project("{FAE04EC0-301F-11D3-BF4B-00C04F79EFBC}") = "Responsabilidad única SI Cumple", "Responsabilidad única SI Cumple.csproj", "{39FA68E8-EAD1-4347-9E8C-82F4CDF21A3C}"
EndProject
Global
	GlobalSection(SolutionConfigurationPlatforms) = preSolution
		Debug|Any CPU = Debug|Any CPU
		Release|Any CPU = Release|Any CPU
	EndGlobalSection
	GlobalSection(ProjectConfigurationPlatforms) = postSolution
		{39FA68E8-EAD1-4347-9E8C-82F4CDF21A3C}.Debug|Any CPU.ActiveCfg = Debug|Any CPU
		{39FA68E8-EAD1-4347-9E8C-82F4CDF21A3C}.Debug|Any CPU.Build.0 = Debug|Any CPU
		{39FA68E8-EAD1-4347-9E8C-82F4CDF21A3C}.Release|Any CPU.ActiveCfg = Release|Any CPU
		{39FA68E8-EAD1-4347-9E8C-82F4CDF21A3C}.Release|Any CPU.Build.0 = Release|Any CPU
	EndGlobalSection
	GlobalSection(SolutionProperties) = preSolution
		HideSolutionNode = FALSE
	EndGlobalSection
	GlobalSection(ExtensibilityGlobals) = postSolution
		SolutionGuid = {E6D9FE89-11D1-4628-A874-703BA5B7AF1A}
	EndGlobalSection
EndGlobal
